{
  "nodes": {
    "disko": {
      "inputs": {
        "nixpkgs": [
          "nixpkgs"
        ]
      },
      "locked": {
        "lastModified": 1716431128,
        "narHash": "sha256-t3T8HlX3udO6f4ilLcN+j5eC3m2gqsouzSGiriKK6vk=",
        "owner": "nix-community",
        "repo": "disko",
        "rev": "7ffc4354dfeb37c8c725ae1465f04a9b45ec8606",
        "type": "github"
      },
      "original": {
        "owner": "nix-community",
        "repo": "disko",
        "type": "github"
      }
    },
    "flake-compat": {
      "locked": {
        "lastModified": 1696426674,
        "narHash": "sha256-kvjfFW7WAETZlt09AgDn1MrtKzP7t90Vf7vypd3OL1U=",
        "owner": "edolstra",
        "repo": "flake-compat",
        "rev": "0f9255e01c2351cc7d116c072cb317785dd33b33",
        "type": "github"
      },
      "original": {
        "owner": "edolstra",
        "repo": "flake-compat",
        "type": "github"
      }
    },
    "flake-parts": {
      "inputs": {
        "nixpkgs-lib": [
          "nixpkgs"
        ]
      },
      "locked": {
        "lastModified": 1715865404,
        "narHash": "sha256-/GJvTdTpuDjNn84j82cU6bXztE0MSkdnTWClUCRub78=",
        "owner": "hercules-ci",
        "repo": "flake-parts",
        "rev": "8dc45382d5206bd292f9c2768b8058a8fd8311d9",
        "type": "github"
      },
      "original": {
        "owner": "hercules-ci",
        "repo": "flake-parts",
        "type": "github"
      }
    },
    "home-manager": {
      "inputs": {
        "nixpkgs": [
          "nixpkgs"
        ]
      },
      "locked": {
        "lastModified": 1716457508,
        "narHash": "sha256-ZxzffLuWRyuMrkVVq7wastNUqeO0HJL9xqfY1QsYaqo=",
        "owner": "nix-community",
        "repo": "home-manager",
        "rev": "850cb322046ef1a268449cf1ceda5fd24d930b05",
        "type": "github"
      },
      "original": {
        "owner": "nix-community",
        "repo": "home-manager",
        "type": "github"
      }
    },
    "impermanence": {
      "locked": {
        "lastModified": 1715155304,
        "narHash": "sha256-G9m5O21Tk6cYy1MrwVMJ0SuNbEGqUdlEvMyclxmMuao=",
        "owner": "bb010g",
        "repo": "nix-impermanence",
        "rev": "8fba3edcfc9988f6ad3b4b4ff4d674a63d0867ca",
        "type": "github"
      },
      "original": {
        "owner": "bb010g",
        "ref": "f/method",
        "repo": "nix-impermanence",
        "type": "github"
      }
    },
    "impermanence-contrib": {
      "inputs": {
        "impermanence": [
          "impermanence"
        ],
        "nixpkgs": [
          "nixpkgs"
        ]
      },
      "locked": {
        "lastModified": 1671121104,
        "narHash": "sha256-DI/mAQAtigOvDKDbvZ4UX8GDv3l6s1mzOV1tPK8ZHWI=",
        "owner": "rehno-lindeque",
        "repo": "nixos-impermanence",
        "rev": "04fddcb2f8b2056091e557d1b9df74ce57d01316",
        "type": "github"
      },
      "original": {
        "owner": "rehno-lindeque",
        "repo": "nixos-impermanence",
        "type": "github"
      }
    },
    "neovim": {
      "flake": false,
      "locked": {
        "lastModified": 1716593946,
        "narHash": "sha256-9P/MnFXp/US+dkJRpVwpVMG0pQk0GJbu2DybJNunP/s=",
        "owner": "neovim",
        "repo": "neovim",
        "rev": "93c55c238f4c1088da4dc6ec80103eb3ef4085d2",
        "type": "github"
      },
      "original": {
        "owner": "neovim",
        "repo": "neovim",
        "type": "github"
      }
    },
    "nix-flatpak": {
      "locked": {
        "lastModified": 1711997375,
        "narHash": "sha256-KvU4gOtuFMS9Il67glRGtdNfguAINT9pCaXtvCL8uI8=",
        "owner": "gmodena",
        "repo": "nix-flatpak",
        "rev": "45bf66f7068db79b552da864c0e87452be624d6c",
        "type": "github"
      },
      "original": {
        "owner": "gmodena",
        "repo": "nix-flatpak",
        "type": "github"
      }
    },
    "nixos-hardware": {
      "locked": {
        "lastModified": 1716173274,
        "narHash": "sha256-FC21Bn4m6ctajMjiUof30awPBH/7WjD0M5yqrWepZbY=",
        "owner": "NixOS",
        "repo": "nixos-hardware",
        "rev": "d9e0b26202fd500cf3e79f73653cce7f7d541191",
        "type": "github"
      },
      "original": {
        "owner": "NixOS",
        "repo": "nixos-hardware",
        "type": "github"
      }
    },
    "nixpkgs": {
      "locked": {
        "lastModified": 1716597662,
        "narHash": "sha256-im9acXFHjowSTGUTS9ufOxwFbTu8FKLFTw/V8N1YSHo=",
        "owner": "bb010g",
        "repo": "nixpkgs",
        "rev": "36fd6512b6c6f5f7066f27f2f3a06a94848ae09f",
        "type": "github"
      },
      "original": {
        "owner": "bb010g",
        "ref": "nixos-unstable",
        "repo": "nixpkgs",
        "type": "github"
      }
    },
    "plasma-manager": {
      "inputs": {
        "home-manager": [
          "home-manager"
        ],
        "nixpkgs": [
          "nixpkgs"
        ]
      },
      "locked": {
        "lastModified": 1716497069,
        "narHash": "sha256-R8tGjY7wUKWY5O3iZiy1gyg0+8pdXcOeP3RppdKgLLM=",
        "owner": "pjones",
        "repo": "plasma-manager",
        "rev": "6d697a8dd6d0699bce69424dbed55184212ff21a",
        "type": "github"
      },
      "original": {
        "owner": "pjones",
        "repo": "plasma-manager",
        "type": "github"
      }
    },
    "root": {
      "inputs": {
        "disko": "disko",
        "flake-compat": "flake-compat",
        "flake-parts": "flake-parts",
        "home-manager": "home-manager",
        "impermanence": "impermanence",
        "impermanence-contrib": "impermanence-contrib",
        "neovim": "neovim",
        "nix-flatpak": "nix-flatpak",
        "nixos-hardware": "nixos-hardware",
        "nixpkgs": "nixpkgs",
        "plasma-manager": "plasma-manager",
        "systems": "systems"
      }
    },
    "systems": {
      "flake": false,
      "locked": {
        "lastModified": 1681028828,
        "narHash": "sha256-Vy1rq5AaRuLzOxct8nz4T6wlgyUR7zLU309k9mBC768=",
        "owner": "nix-systems",
        "repo": "default",
        "rev": "da67096a3b9bf56a91d16901293e51ba5b49a27e",
        "type": "github"
      },
      "original": {
        "owner": "nix-systems",
        "repo": "default",
        "type": "github"
      }
    }
  },
  "root": "root",
  "version": 7
}
